
Microsoft Visual Studio Solution File, Format Version 12.00
# Visual Studio Version 17
VisualStudioVersion = 17.11.35327.3
MinimumVisualStudioVersion = 10.0.40219.1
Project("{9A19103F-16F7-4668-BE54-9A1E7A4F7556}") = "ChatGPTSidebar", "ChatGPTSidebar.csproj", "{1BED797E-20D1-4F7B-B8F6-74CBD1C65BAF}"
EndProject
Global
	GlobalSection(SolutionConfigurationPlatforms) = preSolution
		Debug|Any CPU = Debug|Any CPU
		Debug|x64 = Debug|x64
		Release|Any CPU = Release|Any CPU
		Release|x64 = Release|x64
	EndGlobalSection
	GlobalSection(ProjectConfigurationPlatforms) = postSolution
		{1BED797E-20D1-4F7B-B8F6-74CBD1C65BAF}.Debug|Any CPU.ActiveCfg = Debug|Any CPU
		{1BED797E-20D1-4F7B-B8F6-74CBD1C65BAF}.Debug|Any CPU.Build.0 = Debug|Any CPU
		{1BED797E-20D1-4F7B-B8F6-74CBD1C65BAF}.Debug|x64.ActiveCfg = Debug|x64
		{1BED797E-20D1-4F7B-B8F6-74CBD1C65BAF}.Debug|x64.Build.0 = Debug|x64
		{1BED797E-20D1-4F7B-B8F6-74CBD1C65BAF}.Release|Any CPU.ActiveCfg = Release|Any CPU
		{1BED797E-20D1-4F7B-B8F6-74CBD1C65BAF}.Release|Any CPU.Build.0 = Release|Any CPU
		{1BED797E-20D1-4F7B-B8F6-74CBD1C65BAF}.Release|x64.ActiveCfg = Release|x64
		{1BED797E-20D1-4F7B-B8F6-74CBD1C65BAF}.Release|x64.Build.0 = Release|x64
	EndGlobalSection
	GlobalSection(SolutionProperties) = preSolution
		HideSolutionNode = FALSE
	EndGlobalSection
	GlobalSection(ExtensibilityGlobals) = postSolution
		SolutionGuid = {E17B6433-CD12-4405-86DE-957438B59B26}
	EndGlobalSection
EndGlobal
